
Microsoft Visual Studio Solution File, Format Version 12.00
# Visual Studio Version 17
VisualStudioVersion = 17.1.32228.430
MinimumVisualStudioVersion = 10.0.40219.1
Project("{FAE04EC0-301F-11D3-BF4B-00C04F79EFBC}") = "SumOfEven", "SumOfEven.csproj", "{248D4081-0BC7-4CB1-893C-4C2F6438B7FB}"
EndProject
Project("{FAE04EC0-301F-11D3-BF4B-00C04F79EFBC}") = "StudentGroup", "..\StudentGroup\StudentGroup.csproj", "{A9CE34C7-0D45-4540-9307-51E3B4007538}"
EndProject
Global
	GlobalSection(SolutionConfigurationPlatforms) = preSolution
		Debug|Any CPU = Debug|Any CPU
		Release|Any CPU = Release|Any CPU
	EndGlobalSection
	GlobalSection(ProjectConfigurationPlatforms) = postSolution
		{248D4081-0BC7-4CB1-893C-4C2F6438B7FB}.Debug|Any CPU.ActiveCfg = Debug|Any CPU
		{248D4081-0BC7-4CB1-893C-4C2F6438B7FB}.Debug|Any CPU.Build.0 = Debug|Any CPU
		{248D4081-0BC7-4CB1-893C-4C2F6438B7FB}.Release|Any CPU.ActiveCfg = Release|Any CPU
		{248D4081-0BC7-4CB1-893C-4C2F6438B7FB}.Release|Any CPU.Build.0 = Release|Any CPU
		{A9CE34C7-0D45-4540-9307-51E3B4007538}.Debug|Any CPU.ActiveCfg = Debug|Any CPU
		{A9CE34C7-0D45-4540-9307-51E3B4007538}.Debug|Any CPU.Build.0 = Debug|Any CPU
		{A9CE34C7-0D45-4540-9307-51E3B4007538}.Release|Any CPU.ActiveCfg = Release|Any CPU
		{A9CE34C7-0D45-4540-9307-51E3B4007538}.Release|Any CPU.Build.0 = Release|Any CPU
	EndGlobalSection
	GlobalSection(SolutionProperties) = preSolution
		HideSolutionNode = FALSE
	EndGlobalSection
	GlobalSection(ExtensibilityGlobals) = postSolution
		SolutionGuid = {59D7D787-A48F-4C32-90CB-132F4B0C0F97}
	EndGlobalSection
EndGlobal
